<?xml version="1.0" encoding="utf-8"?>
<Project ToolsVersion="4.0" xmlns="http://schemas.microsoft.com/developer/msbuild/2003">
  <ItemGroup>
    <Filter Include="Source Files">
      <UniqueIdentifier>{4FC737F1-C7A5-4376-A066-2A32D752A2FF}</UniqueIdentifier>
      <Extensions>cpp;c;cc;cxx;def;odl;idl;hpj;bat;asm;asmx</Extensions>
    </Filter>
    <Filter Include="Header Files">
      <UniqueIdentifier>{93995380-89BD-4b04-88EB-625FBE52EBFB}</UniqueIdentifier>
      <Extensions>h;hh;hpp;hxx;hm;inl;inc;xsd</Extensions>
    </Filter>
    <Filter Include="Resource Files">
      <UniqueIdentifier>{67DA6AB6-F800-4c08-8B7A-83BB121AAD01}</UniqueIdentifier>
      <Extensions>rc;ico;cur;bmp;dlg;rc2;rct;bin;rgs;gif;jpg;jpeg;jpe;resx;tiff;tif;png;wav;mfcribbon-ms</Extensions>
    </Filter>
    <Filter Include="Source Files\Chapter 3">
      <UniqueIdentifier>{50118c43-12a6-423b-b2e3-5553812d7cd3}</UniqueIdentifier>
    </Filter>
    <Filter Include="Source Files\Chapter 4">
      <UniqueIdentifier>{2caa1ed1-340f-4095-9173-1604d9ea590e}</UniqueIdentifier>
    </Filter>
    <Filter Include="Source Files\Chapter 11">
      <UniqueIdentifier>{e5769d06-0746-4567-9a2c-d8a0fbbe86d9}</UniqueIdentifier>
    </Filter>
    <Filter Include="Header Files\Chapter 3">
      <UniqueIdentifier>{f436f115-2179-4710-96a3-175efdb88cb8}</UniqueIdentifier>
    </Filter>
    <Filter Include="Header Files\Chapter 11">
      <UniqueIdentifier>{52a35f95-1354-4561-bf42-8821f6bf92b2}</UniqueIdentifier>
    </Filter>
    <Filter Include="Header Files\Chapter 4">
      <UniqueIdentifier>{a6fd0c9b-f9b0-4535-ad7f-710586831348}</UniqueIdentifier>
    </Filter>
    <Filter Include="Header Files\Chapter 11\transcribed">
      <UniqueIdentifier>{bfab72df-e554-4410-998e-d9df8d3e0dac}</UniqueIdentifier>
    </Filter>
    <Filter Include="Source Files\Chapter 11\transcribed">
      <UniqueIdentifier>{8866c75c-0a73-4652-bc11-0f6d89764092}</UniqueIdentifier>
    </Filter>
    <Filter Include="Header Files\Util">
      <UniqueIdentifier>{80fcd983-bffc-43d4-a7c2-407cb6a7356a}</UniqueIdentifier>
    </Filter>
    <Filter Include="Source Files\Util">
      <UniqueIdentifier>{fb584a10-882a-4102-af12-47c44ccc61f4}</UniqueIdentifier>
    </Filter>
    <Filter Include="Header Files\GUI">
      <UniqueIdentifier>{5de5ebe8-0e1e-41c4-afee-fd56ea38f6b8}</UniqueIdentifier>
    </Filter>
    <Filter Include="Source Files\GUI">
      <UniqueIdentifier>{d4b8bf8f-9c1b-4940-917a-2a28f1566ab5}</UniqueIdentifier>
    </Filter>
  </ItemGroup>
  <ItemGroup>
    <ClCompile Include="main.cpp">
      <Filter>Source Files</Filter>
    </ClCompile>
    <ClCompile Include="main_c.c">
      <Filter>Source Files</Filter>
    </ClCompile>
    <ClCompile Include="multilayer_perceptron_c.c">
      <Filter>Source Files\Chapter 11\transcribed</Filter>
    </ClCompile>
    <ClCompile Include="vector_structure.c">
      <Filter>Source Files\Chapter 11\transcribed</Filter>
    </ClCompile>
    <ClCompile Include="visualiser.cpp">
      <Filter>Source Files\Chapter 11</Filter>
    </ClCompile>
    <ClCompile Include="spritebatch.cpp">
      <Filter>Source Files\Util</Filter>
    </ClCompile>
    <ClCompile Include="vector2.cpp">
      <Filter>Source Files\Util</Filter>
    </ClCompile>
    <ClCompile Include="imgui_demo.cpp">
      <Filter>Source Files\GUI</Filter>
    </ClCompile>
    <ClCompile Include="imgui_draw.cpp">
      <Filter>Source Files\GUI</Filter>
    </ClCompile>
    <ClCompile Include="imgui_impl_sdl.cpp">
      <Filter>Source Files\GUI</Filter>
    </ClCompile>
    <ClCompile Include="imgui.cpp">
      <Filter>Source Files\GUI</Filter>
    </ClCompile>
    <ClCompile Include="Text.txt">
      <Filter>Resource Files</Filter>
    </ClCompile>
    <ClCompile Include="hamming_network.cpp">
      <Filter>Source Files\Chapter 3</Filter>
    </ClCompile>
    <ClCompile Include="hopfield_network.cpp">
      <Filter>Source Files\Chapter 3</Filter>
    </ClCompile>
    <ClCompile Include="perceptron_network.cpp">
      <Filter>Source Files\Chapter 3</Filter>
    </ClCompile>
    <ClCompile Include="perceptron_learning_rule.cpp">
      <Filter>Source Files\Chapter 4</Filter>
    </ClCompile>
    <ClCompile Include="multilayer_perceptron.cpp">
      <Filter>Source Files\Chapter 11</Filter>
    </ClCompile>
    <ClCompile Include="perceptron_struct.cpp">
      <Filter>Source Files\Chapter 11</Filter>
    </ClCompile>
    <ClCompile Include="input.cpp">
      <Filter>Source Files\Util</Filter>
    </ClCompile>
    <ClCompile Include="camera.cpp">
      <Filter>Source Files\Util</Filter>
    </ClCompile>
  </ItemGroup>
  <ItemGroup>
    <ClInclude Include="multilayer_perceptron_c.h">
      <Filter>Header Files\Chapter 11\transcribed</Filter>
    </ClInclude>
    <ClInclude Include="vector_structure.h">
      <Filter>Header Files\Chapter 11\transcribed</Filter>
    </ClInclude>
    <ClInclude Include="visualiser.h">
      <Filter>Header Files\Chapter 11</Filter>
    </ClInclude>
    <ClInclude Include="spritebatch.h">
      <Filter>Header Files\Util</Filter>
    </ClInclude>
    <ClInclude Include="vector2.h">
      <Filter>Header Files\Util</Filter>
    </ClInclude>
    <ClInclude Include="global.h">
      <Filter>Header Files\Util</Filter>
    </ClInclude>
    <ClInclude Include="stb_textedit.h">
      <Filter>Header Files\GUI</Filter>
    </ClInclude>
    <ClInclude Include="stb_truetype.h">
      <Filter>Header Files\GUI</Filter>
    </ClInclude>
    <ClInclude Include="imgui.h">
      <Filter>Header Files\GUI</Filter>
    </ClInclude>
    <ClInclude Include="imgui_impl_sdl.h">
      <Filter>Header Files\GUI</Filter>
    </ClInclude>
    <ClInclude Include="imconfig.h">
      <Filter>Header Files\GUI</Filter>
    </ClInclude>
    <ClInclude Include="imgui_internal.h">
      <Filter>Header Files\GUI</Filter>
    </ClInclude>
    <ClInclude Include="stb_rect_pack.h">
      <Filter>Header Files\GUI</Filter>
    </ClInclude>
    <ClInclude Include="hamming_network.h">
      <Filter>Header Files\Chapter 3</Filter>
    </ClInclude>
    <ClInclude Include="hopfield_network.h">
      <Filter>Header Files\Chapter 3</Filter>
    </ClInclude>
    <ClInclude Include="perceptron_network.h">
      <Filter>Header Files\Chapter 3</Filter>
    </ClInclude>
    <ClInclude Include="perceptron_learning_rule.h">
      <Filter>Header Files\Chapter 4</Filter>
    </ClInclude>
    <ClInclude Include="multilayer_perceptron.h">
      <Filter>Header Files\Chapter 11</Filter>
    </ClInclude>
    <ClInclude Include="perceptron_struct.h">
      <Filter>Header Files\Chapter 11</Filter>
    </ClInclude>
    <ClInclude Include="input.h">
      <Filter>Header Files\Util</Filter>
    </ClInclude>
    <ClInclude Include="camera.h">
      <Filter>Header Files\Util</Filter>
    </ClInclude>
  </ItemGroup>
</Project>